// !$*UTF8*$!
{
	archiveVersion = 1;
	classes = {
	};
	objectVersion = 48;
	objects = {

/* Begin PBXBuildFile section */
		552D55EB20B4FFA900642DF9 /* CategoryView.xib in Resources */ = {isa = PBXBuildFile; fileRef = 552D55EA20B4FFA900642DF9 /* CategoryView.xib */; };
		552D55EE20B4FFC200642DF9 /* CategoryView.m in Sources */ = {isa = PBXBuildFile; fileRef = 552D55ED20B4FFC200642DF9 /* CategoryView.m */; };
		552D55F220B5052600642DF9 /* Category.m in Sources */ = {isa = PBXBuildFile; fileRef = 552D55F120B5052600642DF9 /* Category.m */; };
		552D55F620B5451C00642DF9 /* CategoryManager.m in Sources */ = {isa = PBXBuildFile; fileRef = 552D55F520B5451C00642DF9 /* CategoryManager.m */; };
		552D55F920B54D8100642DF9 /* UploadViewController.m in Sources */ = {isa = PBXBuildFile; fileRef = 552D55F820B54D8000642DF9 /* UploadViewController.m */; };
		552D55FE20B659AC00642DF9 /* AutoTextView.m in Sources */ = {isa = PBXBuildFile; fileRef = 552D55FD20B659AC00642DF9 /* AutoTextView.m */; };
		552E733520BBFE99005D7E63 /* LaunchScreen.storyboard in Resources */ = {isa = PBXBuildFile; fileRef = 552E733320BBFE99005D7E63 /* LaunchScreen.storyboard */; };
		552E733720BC00D6005D7E63 /* launch.png in Resources */ = {isa = PBXBuildFile; fileRef = 552E733620BC00D6005D7E63 /* launch.png */; };
		552E733A20BC04A6005D7E63 /* ListViewController.m in Sources */ = {isa = PBXBuildFile; fileRef = 552E733920BC04A6005D7E63 /* ListViewController.m */; };
		552E734020BC0520005D7E63 /* CardCollectionViewCell.m in Sources */ = {isa = PBXBuildFile; fileRef = 552E733E20BC0520005D7E63 /* CardCollectionViewCell.m */; };
		552E734120BC0520005D7E63 /* CardCollectionViewCell.xib in Resources */ = {isa = PBXBuildFile; fileRef = 552E733F20BC0520005D7E63 /* CardCollectionViewCell.xib */; };
		5563795520B45C5F009753F1 /* AppDelegate.m in Sources */ = {isa = PBXBuildFile; fileRef = 5563795420B45C5F009753F1 /* AppDelegate.m */; };
		5563795820B45C5F009753F1 /* ViewController.m in Sources */ = {isa = PBXBuildFile; fileRef = 5563795720B45C5F009753F1 /* ViewController.m */; };
		5563795B20B45C5F009753F1 /* Main.storyboard in Resources */ = {isa = PBXBuildFile; fileRef = 5563795920B45C5F009753F1 /* Main.storyboard */; };
		5563795E20B45C5F009753F1 /* LL_helper.xcdatamodeld in Sources */ = {isa = PBXBuildFile; fileRef = 5563795C20B45C5F009753F1 /* LL_helper.xcdatamodeld */; };
		5563796020B45C5F009753F1 /* Assets.xcassets in Resources */ = {isa = PBXBuildFile; fileRef = 5563795F20B45C5F009753F1 /* Assets.xcassets */; };
		5563796620B45C5F009753F1 /* main.m in Sources */ = {isa = PBXBuildFile; fileRef = 5563796520B45C5F009753F1 /* main.m */; };
		C6A8515106978F944F0EDCBC /* libPods-LL-helper.a in Frameworks */ = {isa = PBXBuildFile; fileRef = 578FFF5884C6D73B5EA7A951 /* libPods-LL-helper.a */; };
/* End PBXBuildFile section */

/* Begin PBXFileReference section */
		552D55EA20B4FFA900642DF9 /* CategoryView.xib */ = {isa = PBXFileReference; lastKnownFileType = file.xib; path = CategoryView.xib; sourceTree = "<group>"; };
		552D55EC20B4FFC200642DF9 /* CategoryView.h */ = {isa = PBXFileReference; lastKnownFileType = sourcecode.c.h; path = CategoryView.h; sourceTree = "<group>"; };
		552D55ED20B4FFC200642DF9 /* CategoryView.m */ = {isa = PBXFileReference; lastKnownFileType = sourcecode.c.objc; path = CategoryView.m; sourceTree = "<group>"; };
		552D55F020B5052600642DF9 /* Category.h */ = {isa = PBXFileReference; lastKnownFileType = sourcecode.c.h; path = Category.h; sourceTree = "<group>"; };
		552D55F120B5052600642DF9 /* Category.m */ = {isa = PBXFileReference; lastKnownFileType = sourcecode.c.objc; path = Category.m; sourceTree = "<group>"; };
		552D55F420B5451C00642DF9 /* CategoryManager.h */ = {isa = PBXFileReference; lastKnownFileType = sourcecode.c.h; path = CategoryManager.h; sourceTree = "<group>"; };
		552D55F520B5451C00642DF9 /* CategoryManager.m */ = {isa = PBXFileReference; lastKnownFileType = sourcecode.c.objc; path = CategoryManager.m; sourceTree = "<group>"; };
		552D55F720B54D8000642DF9 /* UploadViewController.h */ = {isa = PBXFileReference; lastKnownFileType = sourcecode.c.h; path = UploadViewController.h; sourceTree = "<group>"; };
		552D55F820B54D8000642DF9 /* UploadViewController.m */ = {isa = PBXFileReference; lastKnownFileType = sourcecode.c.objc; path = UploadViewController.m; sourceTree = "<group>"; };
		552D55FC20B659AC00642DF9 /* AutoTextView.h */ = {isa = PBXFileReference; lastKnownFileType = sourcecode.c.h; path = AutoTextView.h; sourceTree = "<group>"; };
		552D55FD20B659AC00642DF9 /* AutoTextView.m */ = {isa = PBXFileReference; lastKnownFileType = sourcecode.c.objc; path = AutoTextView.m; sourceTree = "<group>"; };
		552E733420BBFE99005D7E63 /* Base */ = {isa = PBXFileReference; lastKnownFileType = file.storyboard; name = Base; path = Base.lproj/LaunchScreen.storyboard; sourceTree = "<group>"; };
		552E733620BC00D6005D7E63 /* launch.png */ = {isa = PBXFileReference; lastKnownFileType = image.png; path = launch.png; sourceTree = "<group>"; };
		552E733820BC04A6005D7E63 /* ListViewController.h */ = {isa = PBXFileReference; lastKnownFileType = sourcecode.c.h; path = ListViewController.h; sourceTree = "<group>"; };
		552E733920BC04A6005D7E63 /* ListViewController.m */ = {isa = PBXFileReference; lastKnownFileType = sourcecode.c.objc; path = ListViewController.m; sourceTree = "<group>"; };
		552E733D20BC0520005D7E63 /* CardCollectionViewCell.h */ = {isa = PBXFileReference; lastKnownFileType = sourcecode.c.h; name = CardCollectionViewCell.h; path = "LL-helper/Cell/CardCollectionViewCell.h"; sourceTree = SOURCE_ROOT; };
		552E733E20BC0520005D7E63 /* CardCollectionViewCell.m */ = {isa = PBXFileReference; lastKnownFileType = sourcecode.c.objc; name = CardCollectionViewCell.m; path = "LL-helper/Cell/CardCollectionViewCell.m"; sourceTree = SOURCE_ROOT; };
		552E733F20BC0520005D7E63 /* CardCollectionViewCell.xib */ = {isa = PBXFileReference; lastKnownFileType = file.xib; name = CardCollectionViewCell.xib; path = "LL-helper/Cell/CardCollectionViewCell.xib"; sourceTree = SOURCE_ROOT; };
		5563795020B45C5F009753F1 /* LL-helper.app */ = {isa = PBXFileReference; explicitFileType = wrapper.application; includeInIndex = 0; path = "LL-helper.app"; sourceTree = BUILT_PRODUCTS_DIR; };
		5563795320B45C5F009753F1 /* AppDelegate.h */ = {isa = PBXFileReference; lastKnownFileType = sourcecode.c.h; path = AppDelegate.h; sourceTree = "<group>"; };
		5563795420B45C5F009753F1 /* AppDelegate.m */ = {isa = PBXFileReference; lastKnownFileType = sourcecode.c.objc; path = AppDelegate.m; sourceTree = "<group>"; };
		5563795620B45C5F009753F1 /* ViewController.h */ = {isa = PBXFileReference; lastKnownFileType = sourcecode.c.h; path = ViewController.h; sourceTree = "<group>"; };
		5563795720B45C5F009753F1 /* ViewController.m */ = {isa = PBXFileReference; lastKnownFileType = sourcecode.c.objc; path = ViewController.m; sourceTree = "<group>"; };
		5563795A20B45C5F009753F1 /* Base */ = {isa = PBXFileReference; lastKnownFileType = file.storyboard; name = Base; path = Base.lproj/Main.storyboard; sourceTree = "<group>"; };
		5563795D20B45C5F009753F1 /* LL_helper.xcdatamodel */ = {isa = PBXFileReference; lastKnownFileType = wrapper.xcdatamodel; path = LL_helper.xcdatamodel; sourceTree = "<group>"; };
		5563795F20B45C5F009753F1 /* Assets.xcassets */ = {isa = PBXFileReference; lastKnownFileType = folder.assetcatalog; path = Assets.xcassets; sourceTree = "<group>"; };
		5563796420B45C5F009753F1 /* Info.plist */ = {isa = PBXFileReference; lastKnownFileType = text.plist.xml; path = Info.plist; sourceTree = "<group>"; };
		5563796520B45C5F009753F1 /* main.m */ = {isa = PBXFileReference; lastKnownFileType = sourcecode.c.objc; path = main.m; sourceTree = "<group>"; };
		55DA3A3320B7AA370012EBA1 /* PrefixHeader.pch */ = {isa = PBXFileReference; lastKnownFileType = sourcecode.c.h; path = PrefixHeader.pch; sourceTree = "<group>"; };
		578FFF5884C6D73B5EA7A951 /* libPods-LL-helper.a */ = {isa = PBXFileReference; explicitFileType = archive.ar; includeInIndex = 0; path = "libPods-LL-helper.a"; sourceTree = BUILT_PRODUCTS_DIR; };
		73DED87DDBC9419EB74811B7 /* Pods-LL-helper.debug.xcconfig */ = {isa = PBXFileReference; includeInIndex = 1; lastKnownFileType = text.xcconfig; name = "Pods-LL-helper.debug.xcconfig"; path = "Pods/Target Support Files/Pods-LL-helper/Pods-LL-helper.debug.xcconfig"; sourceTree = "<group>"; };
		7E75520139FAE4B8DF6BFDEC /* Pods-LL-helper.release.xcconfig */ = {isa = PBXFileReference; includeInIndex = 1; lastKnownFileType = text.xcconfig; name = "Pods-LL-helper.release.xcconfig"; path = "Pods/Target Support Files/Pods-LL-helper/Pods-LL-helper.release.xcconfig"; sourceTree = "<group>"; };
/* End PBXFileReference section */

/* Begin PBXFrameworksBuildPhase section */
		5563794D20B45C5F009753F1 /* Frameworks */ = {
			isa = PBXFrameworksBuildPhase;
			buildActionMask = 2147483647;
			files = (
				C6A8515106978F944F0EDCBC /* libPods-LL-helper.a in Frameworks */,
			);
			runOnlyForDeploymentPostprocessing = 0;
		};
/* End PBXFrameworksBuildPhase section */

/* Begin PBXGroup section */
		552D55EF20B5050C00642DF9 /* Model */ = {
			isa = PBXGroup;
			children = (
				552D55F020B5052600642DF9 /* Category.h */,
				552D55F120B5052600642DF9 /* Category.m */,
			);
			path = Model;
			sourceTree = "<group>";
		};
		552D55F320B544B800642DF9 /* Manager */ = {
			isa = PBXGroup;
			children = (
				552D55F420B5451C00642DF9 /* CategoryManager.h */,
				552D55F520B5451C00642DF9 /* CategoryManager.m */,
			);
			path = Manager;
			sourceTree = "<group>";
		};
		552D55FB20B6591B00642DF9 /* View */ = {
			isa = PBXGroup;
			children = (
				552D55FC20B659AC00642DF9 /* AutoTextView.h */,
				552D55FD20B659AC00642DF9 /* AutoTextView.m */,
				552D55EC20B4FFC200642DF9 /* CategoryView.h */,
				552D55ED20B4FFC200642DF9 /* CategoryView.m */,
				552D55EA20B4FFA900642DF9 /* CategoryView.xib */,
			);
			path = View;
			sourceTree = "<group>";
		};
		552E733C20BC04D4005D7E63 /* Cell */ = {
			isa = PBXGroup;
			children = (
				552E733D20BC0520005D7E63 /* CardCollectionViewCell.h */,
				552E733E20BC0520005D7E63 /* CardCollectionViewCell.m */,
				552E733F20BC0520005D7E63 /* CardCollectionViewCell.xib */,
			);
			name = Cell;
			path = "New Group";
			sourceTree = "<group>";
		};
		5563794720B45C5F009753F1 = {
			isa = PBXGroup;
			children = (
				5563795220B45C5F009753F1 /* LL-helper */,
				5563795120B45C5F009753F1 /* Products */,
				81C785E829DC3FBAFD191729 /* Pods */,
				EAA2B5FA3B03B608C55706D0 /* Frameworks */,
			);
			sourceTree = "<group>";
		};
		5563795120B45C5F009753F1 /* Products */ = {
			isa = PBXGroup;
			children = (
				5563795020B45C5F009753F1 /* LL-helper.app */,
			);
			name = Products;
			sourceTree = "<group>";
		};
		5563795220B45C5F009753F1 /* LL-helper */ = {
			isa = PBXGroup;
			children = (
				5563795920B45C5F009753F1 /* Main.storyboard */,
				5563796420B45C5F009753F1 /* Info.plist */,
				55DA3A3320B7AA370012EBA1 /* PrefixHeader.pch */,
				552D55F320B544B800642DF9 /* Manager */,
				552D55FB20B6591B00642DF9 /* View */,
				552E733C20BC04D4005D7E63 /* Cell */,
				552D55EF20B5050C00642DF9 /* Model */,
				5563796E20B45DA6009753F1 /* Controller */,
				5563796D20B45D93009753F1 /* Delegate */,
				5563796C20B45D65009753F1 /* Others */,
			);
			path = "LL-helper";
			sourceTree = "<group>";
		};
		5563796C20B45D65009753F1 /* Others */ = {
			isa = PBXGroup;
			children = (
				552E733320BBFE99005D7E63 /* LaunchScreen.storyboard */,
				552E733620BC00D6005D7E63 /* launch.png */,
				5563795F20B45C5F009753F1 /* Assets.xcassets */,
				5563796520B45C5F009753F1 /* main.m */,
				5563795C20B45C5F009753F1 /* LL_helper.xcdatamodeld */,
			);
			path = Others;
			sourceTree = "<group>";
		};
		5563796D20B45D93009753F1 /* Delegate */ = {
			isa = PBXGroup;
			children = (
				5563795320B45C5F009753F1 /* AppDelegate.h */,
				5563795420B45C5F009753F1 /* AppDelegate.m */,
			);
			path = Delegate;
			sourceTree = "<group>";
		};
		5563796E20B45DA6009753F1 /* Controller */ = {
			isa = PBXGroup;
			children = (
				5563795620B45C5F009753F1 /* ViewController.h */,
				5563795720B45C5F009753F1 /* ViewController.m */,
				552D55F720B54D8000642DF9 /* UploadViewController.h */,
				552D55F820B54D8000642DF9 /* UploadViewController.m */,
				552E733820BC04A6005D7E63 /* ListViewController.h */,
				552E733920BC04A6005D7E63 /* ListViewController.m */,
			);
			path = Controller;
			sourceTree = "<group>";
		};
		81C785E829DC3FBAFD191729 /* Pods */ = {
			isa = PBXGroup;
			children = (
				73DED87DDBC9419EB74811B7 /* Pods-LL-helper.debug.xcconfig */,
				7E75520139FAE4B8DF6BFDEC /* Pods-LL-helper.release.xcconfig */,
			);
			name = Pods;
			sourceTree = "<group>";
		};
		EAA2B5FA3B03B608C55706D0 /* Frameworks */ = {
			isa = PBXGroup;
			children = (
				578FFF5884C6D73B5EA7A951 /* libPods-LL-helper.a */,
			);
			name = Frameworks;
			sourceTree = "<group>";
		};
/* End PBXGroup section */

/* Begin PBXNativeTarget section */
		5563794F20B45C5F009753F1 /* LL-helper */ = {
			isa = PBXNativeTarget;
			buildConfigurationList = 5563796920B45C5F009753F1 /* Build configuration list for PBXNativeTarget "LL-helper" */;
			buildPhases = (
				07D34A93D851DE2E34F4A86B /* [CP] Check Pods Manifest.lock */,
				5563794C20B45C5F009753F1 /* Sources */,
				5563794D20B45C5F009753F1 /* Frameworks */,
				5563794E20B45C5F009753F1 /* Resources */,
				AD0A22214D12D77ED66C1DCB /* [CP] Copy Pods Resources */,
			);
			buildRules = (
			);
			dependencies = (
			);
			name = "LL-helper";
			productName = "LL-helper";
			productReference = 5563795020B45C5F009753F1 /* LL-helper.app */;
			productType = "com.apple.product-type.application";
		};
/* End PBXNativeTarget section */

/* Begin PBXProject section */
		5563794820B45C5F009753F1 /* Project object */ = {
			isa = PBXProject;
			attributes = {
				LastUpgradeCheck = 0920;
				ORGANIZATIONNAME = LYZ;
				TargetAttributes = {
					5563794F20B45C5F009753F1 = {
						CreatedOnToolsVersion = 9.2;
						ProvisioningStyle = Automatic;
					};
				};
			};
			buildConfigurationList = 5563794B20B45C5F009753F1 /* Build configuration list for PBXProject "LL-helper" */;
			compatibilityVersion = "Xcode 8.0";
			developmentRegion = en;
			hasScannedForEncodings = 0;
			knownRegions = (
				en,
				Base,
			);
			mainGroup = 5563794720B45C5F009753F1;
			productRefGroup = 5563795120B45C5F009753F1 /* Products */;
			projectDirPath = "";
			projectRoot = "";
			targets = (
				5563794F20B45C5F009753F1 /* LL-helper */,
			);
		};
/* End PBXProject section */

/* Begin PBXResourcesBuildPhase section */
		5563794E20B45C5F009753F1 /* Resources */ = {
			isa = PBXResourcesBuildPhase;
			buildActionMask = 2147483647;
			files = (
				5563796020B45C5F009753F1 /* Assets.xcassets in Resources */,
				552E733720BC00D6005D7E63 /* launch.png in Resources */,
				552D55EB20B4FFA900642DF9 /* CategoryView.xib in Resources */,
				552E733520BBFE99005D7E63 /* LaunchScreen.storyboard in Resources */,
				552E734120BC0520005D7E63 /* CardCollectionViewCell.xib in Resources */,
				5563795B20B45C5F009753F1 /* Main.storyboard in Resources */,
			);
			runOnlyForDeploymentPostprocessing = 0;
		};
/* End PBXResourcesBuildPhase section */

/* Begin PBXShellScriptBuildPhase section */
		07D34A93D851DE2E34F4A86B /* [CP] Check Pods Manifest.lock */ = {
			isa = PBXShellScriptBuildPhase;
			buildActionMask = 2147483647;
			files = (
			);
			inputPaths = (
				"${PODS_PODFILE_DIR_PATH}/Podfile.lock",
				"${PODS_ROOT}/Manifest.lock",
			);
			name = "[CP] Check Pods Manifest.lock";
			outputPaths = (
				"$(DERIVED_FILE_DIR)/Pods-LL-helper-checkManifestLockResult.txt",
			);
			runOnlyForDeploymentPostprocessing = 0;
			shellPath = /bin/sh;
			shellScript = "diff \"${PODS_PODFILE_DIR_PATH}/Podfile.lock\" \"${PODS_ROOT}/Manifest.lock\" > /dev/null\nif [ $? != 0 ] ; then\n    # print error to STDERR\n    echo \"error: The sandbox is not in sync with the Podfile.lock. Run 'pod install' or update your CocoaPods installation.\" >&2\n    exit 1\nfi\n# This output is used by Xcode 'outputs' to avoid re-running this script phase.\necho \"SUCCESS\" > \"${SCRIPT_OUTPUT_FILE_0}\"\n";
			showEnvVarsInLog = 0;
		};
		AD0A22214D12D77ED66C1DCB /* [CP] Copy Pods Resources */ = {
			isa = PBXShellScriptBuildPhase;
			buildActionMask = 2147483647;
			files = (
			);
			inputPaths = (
				"${SRCROOT}/Pods/Target Support Files/Pods-LL-helper/Pods-LL-helper-resources.sh",
				"${PODS_ROOT}/LPDQuoteImagesView/LPDQuoteImagesView/Assets/LPDImagePickerController.bundle",
			);
			name = "[CP] Copy Pods Resources";
			outputPaths = (
				"${TARGET_BUILD_DIR}/${UNLOCALIZED_RESOURCES_FOLDER_PATH}/LPDImagePickerController.bundle",
			);
			runOnlyForDeploymentPostprocessing = 0;
			shellPath = /bin/sh;
			shellScript = "\"${SRCROOT}/Pods/Target Support Files/Pods-LL-helper/Pods-LL-helper-resources.sh\"\n";
			showEnvVarsInLog = 0;
		};
/* End PBXShellScriptBuildPhase section */

/* Begin PBXSourcesBuildPhase section */
		5563794C20B45C5F009753F1 /* Sources */ = {
			isa = PBXSourcesBuildPhase;
			buildActionMask = 2147483647;
			files = (
				552E733A20BC04A6005D7E63 /* ListViewController.m in Sources */,
				552D55FE20B659AC00642DF9 /* AutoTextView.m in Sources */,
				5563795820B45C5F009753F1 /* ViewController.m in Sources */,
				552D55F620B5451C00642DF9 /* CategoryManager.m in Sources */,
				552D55F220B5052600642DF9 /* Category.m in Sources */,
				552D55EE20B4FFC200642DF9 /* CategoryView.m in Sources */,
				5563795E20B45C5F009753F1 /* LL_helper.xcdatamodeld in Sources */,
				552D55F920B54D8100642DF9 /* UploadViewController.m in Sources */,
				5563796620B45C5F009753F1 /* main.m in Sources */,
				5563795520B45C5F009753F1 /* AppDelegate.m in Sources */,
				552E734020BC0520005D7E63 /* CardCollectionViewCell.m in Sources */,
			);
			runOnlyForDeploymentPostprocessing = 0;
		};
/* End PBXSourcesBuildPhase section */

/* Begin PBXVariantGroup section */
		552E733320BBFE99005D7E63 /* LaunchScreen.storyboard */ = {
			isa = PBXVariantGroup;
			children = (
				552E733420BBFE99005D7E63 /* Base */,
			);
			name = LaunchScreen.storyboard;
			sourceTree = "<group>";
		};
		5563795920B45C5F009753F1 /* Main.storyboard */ = {
			isa = PBXVariantGroup;
			children = (
				5563795A20B45C5F009753F1 /* Base */,
			);
			name = Main.storyboard;
			sourceTree = "<group>";
		};
/* End PBXVariantGroup section */

/* Begin XCBuildConfiguration section */
		5563796720B45C5F009753F1 /* Debug */ = {
			isa = XCBuildConfiguration;
			buildSettings = {
				ALWAYS_SEARCH_USER_PATHS = NO;
				CLANG_ANALYZER_NONNULL = YES;
				CLANG_ANALYZER_NUMBER_OBJECT_CONVERSION = YES_AGGRESSIVE;
				CLANG_CXX_LANGUAGE_STANDARD = "gnu++14";
				CLANG_CXX_LIBRARY = "libc++";
				CLANG_ENABLE_MODULES = YES;
				CLANG_ENABLE_OBJC_ARC = YES;
				CLANG_WARN_BLOCK_CAPTURE_AUTORELEASING = YES;
				CLANG_WARN_BOOL_CONVERSION = YES;
				CLANG_WARN_COMMA = YES;
				CLANG_WARN_CONSTANT_CONVERSION = YES;
				CLANG_WARN_DIRECT_OBJC_ISA_USAGE = YES_ERROR;
				CLANG_WARN_DOCUMENTATION_COMMENTS = YES;
				CLANG_WARN_EMPTY_BODY = YES;
				CLANG_WARN_ENUM_CONVERSION = YES;
				CLANG_WARN_INFINITE_RECURSION = YES;
				CLANG_WARN_INT_CONVERSION = YES;
				CLANG_WARN_NON_LITERAL_NULL_CONVERSION = YES;
				CLANG_WARN_OBJC_LITERAL_CONVERSION = YES;
				CLANG_WARN_OBJC_ROOT_CLASS = YES_ERROR;
				CLANG_WARN_RANGE_LOOP_ANALYSIS = YES;
				CLANG_WARN_STRICT_PROTOTYPES = YES;
				CLANG_WARN_SUSPICIOUS_MOVE = YES;
				CLANG_WARN_UNGUARDED_AVAILABILITY = YES_AGGRESSIVE;
				CLANG_WARN_UNREACHABLE_CODE = YES;
				CLANG_WARN__DUPLICATE_METHOD_MATCH = YES;
				CODE_SIGN_IDENTITY = "iPhone Developer";
				COPY_PHASE_STRIP = NO;
				DEBUG_INFORMATION_FORMAT = dwarf;
				ENABLE_STRICT_OBJC_MSGSEND = YES;
				ENABLE_TESTABILITY = YES;
				GCC_C_LANGUAGE_STANDARD = gnu11;
				GCC_DYNAMIC_NO_PIC = NO;
				GCC_NO_COMMON_BLOCKS = YES;
				GCC_OPTIMIZATION_LEVEL = 0;
				GCC_PREPROCESSOR_DEFINITIONS = (
					"DEBUG=1",
					"$(inherited)",
				);
				GCC_WARN_64_TO_32_BIT_CONVERSION = YES;
				GCC_WARN_ABOUT_RETURN_TYPE = YES_ERROR;
				GCC_WARN_UNDECLARED_SELECTOR = YES;
				GCC_WARN_UNINITIALIZED_AUTOS = YES_AGGRESSIVE;
				GCC_WARN_UNUSED_FUNCTION = YES;
				GCC_WARN_UNUSED_VARIABLE = YES;
				IPHONEOS_DEPLOYMENT_TARGET = 11.2;
				MTL_ENABLE_DEBUG_INFO = YES;
				ONLY_ACTIVE_ARCH = YES;
				SDKROOT = iphoneos;
			};
			name = Debug;
		};
		5563796820B45C5F009753F1 /* Release */ = {
			isa = XCBuildConfiguration;
			buildSettings = {
				ALWAYS_SEARCH_USER_PATHS = NO;
				CLANG_ANALYZER_NONNULL = YES;
				CLANG_ANALYZER_NUMBER_OBJECT_CONVERSION = YES_AGGRESSIVE;
				CLANG_CXX_LANGUAGE_STANDARD = "gnu++14";
				CLANG_CXX_LIBRARY = "libc++";
				CLANG_ENABLE_MODULES = YES;
				CLANG_ENABLE_OBJC_ARC = YES;
				CLANG_WARN_BLOCK_CAPTURE_AUTORELEASING = YES;
				CLANG_WARN_BOOL_CONVERSION = YES;
				CLANG_WARN_COMMA = YES;
				CLANG_WARN_CONSTANT_CONVERSION = YES;
				CLANG_WARN_DIRECT_OBJC_ISA_USAGE = YES_ERROR;
				CLANG_WARN_DOCUMENTATION_COMMENTS = YES;
				CLANG_WARN_EMPTY_BODY = YES;
				CLANG_WARN_ENUM_CONVERSION = YES;
				CLANG_WARN_INFINITE_RECURSION = YES;
				CLANG_WARN_INT_CONVERSION = YES;
				CLANG_WARN_NON_LITERAL_NULL_CONVERSION = YES;
				CLANG_WARN_OBJC_LITERAL_CONVERSION = YES;
				CLANG_WARN_OBJC_ROOT_CLASS = YES_ERROR;
				CLANG_WARN_RANGE_LOOP_ANALYSIS = YES;
				CLANG_WARN_STRICT_PROTOTYPES = YES;
				CLANG_WARN_SUSPICIOUS_MOVE = YES;
				CLANG_WARN_UNGUARDED_AVAILABILITY = YES_AGGRESSIVE;
				CLANG_WARN_UNREACHABLE_CODE = YES;
				CLANG_WARN__DUPLICATE_METHOD_MATCH = YES;
				CODE_SIGN_IDENTITY = "iPhone Developer";
				COPY_PHASE_STRIP = NO;
				DEBUG_INFORMATION_FORMAT = "dwarf-with-dsym";
				ENABLE_NS_ASSERTIONS = NO;
				ENABLE_STRICT_OBJC_MSGSEND = YES;
				GCC_C_LANGUAGE_STANDARD = gnu11;
				GCC_NO_COMMON_BLOCKS = YES;
				GCC_WARN_64_TO_32_BIT_CONVERSION = YES;
				GCC_WARN_ABOUT_RETURN_TYPE = YES_ERROR;
				GCC_WARN_UNDECLARED_SELECTOR = YES;
				GCC_WARN_UNINITIALIZED_AUTOS = YES_AGGRESSIVE;
				GCC_WARN_UNUSED_FUNCTION = YES;
				GCC_WARN_UNUSED_VARIABLE = YES;
				IPHONEOS_DEPLOYMENT_TARGET = 11.2;
				MTL_ENABLE_DEBUG_INFO = NO;
				SDKROOT = iphoneos;
				VALIDATE_PRODUCT = YES;
			};
			name = Release;
		};
		5563796A20B45C5F009753F1 /* Debug */ = {
			isa = XCBuildConfiguration;
			baseConfigurationReference = 73DED87DDBC9419EB74811B7 /* Pods-LL-helper.debug.xcconfig */;
			buildSettings = {
				ASSETCATALOG_COMPILER_APPICON_NAME = AppIcon;
				CODE_SIGN_STYLE = Automatic;
				DEVELOPMENT_TEAM = JKCLJ546H2;
				GCC_PRECOMPILE_PREFIX_HEADER = YES;
				GCC_PREFIX_HEADER = "/Users/liyaozong/Desktop/workspace/LL-helper/LL-helper/PrefixHeader.pch";
				INFOPLIST_FILE = "LL-helper/Info.plist";
				LD_RUNPATH_SEARCH_PATHS = "$(inherited) @executable_path/Frameworks";
				PRODUCT_BUNDLE_IDENTIFIER = "LL.LL-helper";
				PRODUCT_NAME = "$(TARGET_NAME)";
				TARGETED_DEVICE_FAMILY = "1,2";
			};
			name = Debug;
		};
		5563796B20B45C5F009753F1 /* Release */ = {
			isa = XCBuildConfiguration;
			baseConfigurationReference = 7E75520139FAE4B8DF6BFDEC /* Pods-LL-helper.release.xcconfig */;
			buildSettings = {
				ASSETCATALOG_COMPILER_APPICON_NAME = AppIcon;
				CODE_SIGN_STYLE = Automatic;
				DEVELOPMENT_TEAM = JKCLJ546H2;
				GCC_PRECOMPILE_PREFIX_HEADER = YES;
				GCC_PREFIX_HEADER = "/Users/liyaozong/Desktop/workspace/LL-helper/LL-helper/PrefixHeader.pch";
				INFOPLIST_FILE = "LL-helper/Info.plist";
				LD_RUNPATH_SEARCH_PATHS = "$(inherited) @executable_path/Frameworks";
				PRODUCT_BUNDLE_IDENTIFIER = "LL.LL-helper";
				PRODUCT_NAME = "$(TARGET_NAME)";
				TARGETED_DEVICE_FAMILY = "1,2";
			};
			name = Release;
		};
/* End XCBuildConfiguration section */

/* Begin XCConfigurationList section */
		5563794B20B45C5F009753F1 /* Build configuration list for PBXProject "LL-helper" */ = {
			isa = XCConfigurationList;
			buildConfigurations = (
				5563796720B45C5F009753F1 /* Debug */,
				5563796820B45C5F009753F1 /* Release */,
			);
			defaultConfigurationIsVisible = 0;
			defaultConfigurationName = Release;
		};
		5563796920B45C5F009753F1 /* Build configuration list for PBXNativeTarget "LL-helper" */ = {
			isa = XCConfigurationList;
			buildConfigurations = (
				5563796A20B45C5F009753F1 /* Debug */,
				5563796B20B45C5F009753F1 /* Release */,
			);
			defaultConfigurationIsVisible = 0;
			defaultConfigurationName = Release;
		};
/* End XCConfigurationList section */

/* Begin XCVersionGroup section */
		5563795C20B45C5F009753F1 /* LL_helper.xcdatamodeld */ = {
			isa = XCVersionGroup;
			children = (
				5563795D20B45C5F009753F1 /* LL_helper.xcdatamodel */,
			);
			currentVersion = 5563795D20B45C5F009753F1 /* LL_helper.xcdatamodel */;
			path = LL_helper.xcdatamodeld;
			sourceTree = "<group>";
			versionGroupType = wrapper.xcdatamodel;
		};
/* End XCVersionGroup section */
	};
	rootObject = 5563794820B45C5F009753F1 /* Project object */;
}
